
Microsoft Visual Studio Solution File, Format Version 12.00
# Visual Studio Version 16
VisualStudioVersion = 16.0.31829.152
MinimumVisualStudioVersion = 10.0.40219.1
Project("{FAE04EC0-301F-11D3-BF4B-00C04F79EFBC}") = "PicoYPlaca", "PicoYPlaca\PicoYPlaca.csproj", "{B4A7F53A-0714-4BC7-B5FA-8CA760F98487}"
EndProject
Global
	GlobalSection(SolutionConfigurationPlatforms) = preSolution
		Debug|Any CPU = Debug|Any CPU
		Release|Any CPU = Release|Any CPU
	EndGlobalSection
	GlobalSection(ProjectConfigurationPlatforms) = postSolution
		{B4A7F53A-0714-4BC7-B5FA-8CA760F98487}.Debug|Any CPU.ActiveCfg = Debug|Any CPU
		{B4A7F53A-0714-4BC7-B5FA-8CA760F98487}.Debug|Any CPU.Build.0 = Debug|Any CPU
		{B4A7F53A-0714-4BC7-B5FA-8CA760F98487}.Release|Any CPU.ActiveCfg = Release|Any CPU
		{B4A7F53A-0714-4BC7-B5FA-8CA760F98487}.Release|Any CPU.Build.0 = Release|Any CPU
	EndGlobalSection
	GlobalSection(SolutionProperties) = preSolution
		HideSolutionNode = FALSE
	EndGlobalSection
	GlobalSection(ExtensibilityGlobals) = postSolution
		SolutionGuid = {DCC678BB-F5C6-4CD3-B063-6CBF3215B6F7}
	EndGlobalSection
EndGlobal
